// !$*UTF8*$!
{
	archiveVersion = 1;
	classes = {
	};
	objectVersion = 50;
	objects = {

/* Begin PBXBuildFile section */
		001CE3B920F09063008B5EE9 /* AppDelegate.swift in Sources */ = {isa = PBXBuildFile; fileRef = 001CE3B820F09063008B5EE9 /* AppDelegate.swift */; };
		001CE3BB20F09063008B5EE9 /* ViewController.swift in Sources */ = {isa = PBXBuildFile; fileRef = 001CE3BA20F09063008B5EE9 /* ViewController.swift */; };
		001CE3BE20F09063008B5EE9 /* Main.storyboard in Resources */ = {isa = PBXBuildFile; fileRef = 001CE3BC20F09063008B5EE9 /* Main.storyboard */; };
		001CE3C020F09066008B5EE9 /* Assets.xcassets in Resources */ = {isa = PBXBuildFile; fileRef = 001CE3BF20F09066008B5EE9 /* Assets.xcassets */; };
		001CE3C320F09066008B5EE9 /* LaunchScreen.storyboard in Resources */ = {isa = PBXBuildFile; fileRef = 001CE3C120F09066008B5EE9 /* LaunchScreen.storyboard */; };
		001CE3CE20F09066008B5EE9 /* TestTableTests.swift in Sources */ = {isa = PBXBuildFile; fileRef = 001CE3CD20F09066008B5EE9 /* TestTableTests.swift */; };
		001CE3D920F09066008B5EE9 /* TestTableUITests.swift in Sources */ = {isa = PBXBuildFile; fileRef = 001CE3D820F09066008B5EE9 /* TestTableUITests.swift */; };
		001CE3E920F0917E008B5EE9 /* ApiManager.swift in Sources */ = {isa = PBXBuildFile; fileRef = 001CE3E820F0917E008B5EE9 /* ApiManager.swift */; };
		001CE3EB20F094FE008B5EE9 /* List.swift in Sources */ = {isa = PBXBuildFile; fileRef = 001CE3EA20F094FE008B5EE9 /* List.swift */; };
		001CE3ED20F0A0B4008B5EE9 /* TableViewController.swift in Sources */ = {isa = PBXBuildFile; fileRef = 001CE3EC20F0A0B4008B5EE9 /* TableViewController.swift */; };
		21F61FCE7A742B0F0A6D707B /* Pods_TestTableUITests.framework in Frameworks */ = {isa = PBXBuildFile; fileRef = E5C515E0C4AC95014A3EAC39 /* Pods_TestTableUITests.framework */; };
		25DC45E0535532789666DCCA /* Pods_TestTableTests.framework in Frameworks */ = {isa = PBXBuildFile; fileRef = 1C949E60C42D448799700653 /* Pods_TestTableTests.framework */; };
		2CCF53AFD00E0E84EE518591 /* Pods_TestTable.framework in Frameworks */ = {isa = PBXBuildFile; fileRef = 39D6BB3D388A76BC3E146FA3 /* Pods_TestTable.framework */; };
/* End PBXBuildFile section */

/* Begin PBXContainerItemProxy section */
		001CE3CA20F09066008B5EE9 /* PBXContainerItemProxy */ = {
			isa = PBXContainerItemProxy;
			containerPortal = 001CE3AD20F09063008B5EE9 /* Project object */;
			proxyType = 1;
			remoteGlobalIDString = 001CE3B420F09063008B5EE9;
			remoteInfo = TestTable;
		};
		001CE3D520F09066008B5EE9 /* PBXContainerItemProxy */ = {
			isa = PBXContainerItemProxy;
			containerPortal = 001CE3AD20F09063008B5EE9 /* Project object */;
			proxyType = 1;
			remoteGlobalIDString = 001CE3B420F09063008B5EE9;
			remoteInfo = TestTable;
		};
/* End PBXContainerItemProxy section */

/* Begin PBXFileReference section */
		001CE3B520F09063008B5EE9 /* TestTable.app */ = {isa = PBXFileReference; explicitFileType = wrapper.application; includeInIndex = 0; path = TestTable.app; sourceTree = BUILT_PRODUCTS_DIR; };
		001CE3B820F09063008B5EE9 /* AppDelegate.swift */ = {isa = PBXFileReference; lastKnownFileType = sourcecode.swift; path = AppDelegate.swift; sourceTree = "<group>"; };
		001CE3BA20F09063008B5EE9 /* ViewController.swift */ = {isa = PBXFileReference; lastKnownFileType = sourcecode.swift; path = ViewController.swift; sourceTree = "<group>"; };
		001CE3BD20F09063008B5EE9 /* Base */ = {isa = PBXFileReference; lastKnownFileType = file.storyboard; name = Base; path = Base.lproj/Main.storyboard; sourceTree = "<group>"; };
		001CE3BF20F09066008B5EE9 /* Assets.xcassets */ = {isa = PBXFileReference; lastKnownFileType = folder.assetcatalog; path = Assets.xcassets; sourceTree = "<group>"; };
		001CE3C220F09066008B5EE9 /* Base */ = {isa = PBXFileReference; lastKnownFileType = file.storyboard; name = Base; path = Base.lproj/LaunchScreen.storyboard; sourceTree = "<group>"; };
		001CE3C420F09066008B5EE9 /* Info.plist */ = {isa = PBXFileReference; lastKnownFileType = text.plist.xml; path = Info.plist; sourceTree = "<group>"; };
		001CE3C920F09066008B5EE9 /* TestTableTests.xctest */ = {isa = PBXFileReference; explicitFileType = wrapper.cfbundle; includeInIndex = 0; path = TestTableTests.xctest; sourceTree = BUILT_PRODUCTS_DIR; };
		001CE3CD20F09066008B5EE9 /* TestTableTests.swift */ = {isa = PBXFileReference; lastKnownFileType = sourcecode.swift; path = TestTableTests.swift; sourceTree = "<group>"; };
		001CE3CF20F09066008B5EE9 /* Info.plist */ = {isa = PBXFileReference; lastKnownFileType = text.plist.xml; path = Info.plist; sourceTree = "<group>"; };
		001CE3D420F09066008B5EE9 /* TestTableUITests.xctest */ = {isa = PBXFileReference; explicitFileType = wrapper.cfbundle; includeInIndex = 0; path = TestTableUITests.xctest; sourceTree = BUILT_PRODUCTS_DIR; };
		001CE3D820F09066008B5EE9 /* TestTableUITests.swift */ = {isa = PBXFileReference; lastKnownFileType = sourcecode.swift; path = TestTableUITests.swift; sourceTree = "<group>"; };
		001CE3DA20F09066008B5EE9 /* Info.plist */ = {isa = PBXFileReference; lastKnownFileType = text.plist.xml; path = Info.plist; sourceTree = "<group>"; };
		001CE3E820F0917E008B5EE9 /* ApiManager.swift */ = {isa = PBXFileReference; lastKnownFileType = sourcecode.swift; path = ApiManager.swift; sourceTree = "<group>"; };
		001CE3EA20F094FE008B5EE9 /* List.swift */ = {isa = PBXFileReference; lastKnownFileType = sourcecode.swift; path = List.swift; sourceTree = "<group>"; };
		001CE3EC20F0A0B4008B5EE9 /* TableViewController.swift */ = {isa = PBXFileReference; lastKnownFileType = sourcecode.swift; path = TableViewController.swift; sourceTree = "<group>"; };
		0BFBDC2D211AC42659FE7B7A /* Pods-TestTableTests.debug.xcconfig */ = {isa = PBXFileReference; includeInIndex = 1; lastKnownFileType = text.xcconfig; name = "Pods-TestTableTests.debug.xcconfig"; path = "Pods/Target Support Files/Pods-TestTableTests/Pods-TestTableTests.debug.xcconfig"; sourceTree = "<group>"; };
		1C949E60C42D448799700653 /* Pods_TestTableTests.framework */ = {isa = PBXFileReference; explicitFileType = wrapper.framework; includeInIndex = 0; path = Pods_TestTableTests.framework; sourceTree = BUILT_PRODUCTS_DIR; };
		3367F9CDD51F16D102644D4E /* Pods-TestTable.debug.xcconfig */ = {isa = PBXFileReference; includeInIndex = 1; lastKnownFileType = text.xcconfig; name = "Pods-TestTable.debug.xcconfig"; path = "Pods/Target Support Files/Pods-TestTable/Pods-TestTable.debug.xcconfig"; sourceTree = "<group>"; };
		39D6BB3D388A76BC3E146FA3 /* Pods_TestTable.framework */ = {isa = PBXFileReference; explicitFileType = wrapper.framework; includeInIndex = 0; path = Pods_TestTable.framework; sourceTree = BUILT_PRODUCTS_DIR; };
		662C99405E03C03952B7E86B /* Pods-TestTableUITests.debug.xcconfig */ = {isa = PBXFileReference; includeInIndex = 1; lastKnownFileType = text.xcconfig; name = "Pods-TestTableUITests.debug.xcconfig"; path = "Pods/Target Support Files/Pods-TestTableUITests/Pods-TestTableUITests.debug.xcconfig"; sourceTree = "<group>"; };
		D8E1D6D67F33D405EDA5B193 /* Pods-TestTable.release.xcconfig */ = {isa = PBXFileReference; includeInIndex = 1; lastKnownFileType = text.xcconfig; name = "Pods-TestTable.release.xcconfig"; path = "Pods/Target Support Files/Pods-TestTable/Pods-TestTable.release.xcconfig"; sourceTree = "<group>"; };
		E5C515E0C4AC95014A3EAC39 /* Pods_TestTableUITests.framework */ = {isa = PBXFileReference; explicitFileType = wrapper.framework; includeInIndex = 0; path = Pods_TestTableUITests.framework; sourceTree = BUILT_PRODUCTS_DIR; };
		E8A7958E30586CFCF00F4463 /* Pods-TestTableUITests.release.xcconfig */ = {isa = PBXFileReference; includeInIndex = 1; lastKnownFileType = text.xcconfig; name = "Pods-TestTableUITests.release.xcconfig"; path = "Pods/Target Support Files/Pods-TestTableUITests/Pods-TestTableUITests.release.xcconfig"; sourceTree = "<group>"; };
		F21DBC818511169184755F0D /* Pods-TestTableTests.release.xcconfig */ = {isa = PBXFileReference; includeInIndex = 1; lastKnownFileType = text.xcconfig; name = "Pods-TestTableTests.release.xcconfig"; path = "Pods/Target Support Files/Pods-TestTableTests/Pods-TestTableTests.release.xcconfig"; sourceTree = "<group>"; };
/* End PBXFileReference section */

/* Begin PBXFrameworksBuildPhase section */
		001CE3B220F09063008B5EE9 /* Frameworks */ = {
			isa = PBXFrameworksBuildPhase;
			buildActionMask = 2147483647;
			files = (
				2CCF53AFD00E0E84EE518591 /* Pods_TestTable.framework in Frameworks */,
			);
			runOnlyForDeploymentPostprocessing = 0;
		};
		001CE3C620F09066008B5EE9 /* Frameworks */ = {
			isa = PBXFrameworksBuildPhase;
			buildActionMask = 2147483647;
			files = (
				25DC45E0535532789666DCCA /* Pods_TestTableTests.framework in Frameworks */,
			);
			runOnlyForDeploymentPostprocessing = 0;
		};
		001CE3D120F09066008B5EE9 /* Frameworks */ = {
			isa = PBXFrameworksBuildPhase;
			buildActionMask = 2147483647;
			files = (
				21F61FCE7A742B0F0A6D707B /* Pods_TestTableUITests.framework in Frameworks */,
			);
			runOnlyForDeploymentPostprocessing = 0;
		};
/* End PBXFrameworksBuildPhase section */

/* Begin PBXGroup section */
		001CE3AC20F09063008B5EE9 = {
			isa = PBXGroup;
			children = (
				001CE3B720F09063008B5EE9 /* TestTable */,
				001CE3CC20F09066008B5EE9 /* TestTableTests */,
				001CE3D720F09066008B5EE9 /* TestTableUITests */,
				001CE3B620F09063008B5EE9 /* Products */,
				2DEB45F520F8BA8BD6790266 /* Pods */,
				356EABD5910775F4995CDB00 /* Frameworks */,
			);
			sourceTree = "<group>";
		};
		001CE3B620F09063008B5EE9 /* Products */ = {
			isa = PBXGroup;
			children = (
				001CE3B520F09063008B5EE9 /* TestTable.app */,
				001CE3C920F09066008B5EE9 /* TestTableTests.xctest */,
				001CE3D420F09066008B5EE9 /* TestTableUITests.xctest */,
			);
			name = Products;
			sourceTree = "<group>";
		};
		001CE3B720F09063008B5EE9 /* TestTable */ = {
			isa = PBXGroup;
			children = (
				001CE3B820F09063008B5EE9 /* AppDelegate.swift */,
				001CE3BA20F09063008B5EE9 /* ViewController.swift */,
				001CE3E820F0917E008B5EE9 /* ApiManager.swift */,
				001CE3EC20F0A0B4008B5EE9 /* TableViewController.swift */,
				001CE3EA20F094FE008B5EE9 /* List.swift */,
				001CE3BC20F09063008B5EE9 /* Main.storyboard */,
				001CE3BF20F09066008B5EE9 /* Assets.xcassets */,
				001CE3C120F09066008B5EE9 /* LaunchScreen.storyboard */,
				001CE3C420F09066008B5EE9 /* Info.plist */,
			);
			path = TestTable;
			sourceTree = "<group>";
		};
		001CE3CC20F09066008B5EE9 /* TestTableTests */ = {
			isa = PBXGroup;
			children = (
				001CE3CD20F09066008B5EE9 /* TestTableTests.swift */,
				001CE3CF20F09066008B5EE9 /* Info.plist */,
			);
			path = TestTableTests;
			sourceTree = "<group>";
		};
		001CE3D720F09066008B5EE9 /* TestTableUITests */ = {
			isa = PBXGroup;
			children = (
				001CE3D820F09066008B5EE9 /* TestTableUITests.swift */,
				001CE3DA20F09066008B5EE9 /* Info.plist */,
			);
			path = TestTableUITests;
			sourceTree = "<group>";
		};
		2DEB45F520F8BA8BD6790266 /* Pods */ = {
			isa = PBXGroup;
			children = (
				3367F9CDD51F16D102644D4E /* Pods-TestTable.debug.xcconfig */,
				D8E1D6D67F33D405EDA5B193 /* Pods-TestTable.release.xcconfig */,
				0BFBDC2D211AC42659FE7B7A /* Pods-TestTableTests.debug.xcconfig */,
				F21DBC818511169184755F0D /* Pods-TestTableTests.release.xcconfig */,
				662C99405E03C03952B7E86B /* Pods-TestTableUITests.debug.xcconfig */,
				E8A7958E30586CFCF00F4463 /* Pods-TestTableUITests.release.xcconfig */,
			);
			name = Pods;
			sourceTree = "<group>";
		};
		356EABD5910775F4995CDB00 /* Frameworks */ = {
			isa = PBXGroup;
			children = (
				39D6BB3D388A76BC3E146FA3 /* Pods_TestTable.framework */,
				1C949E60C42D448799700653 /* Pods_TestTableTests.framework */,
				E5C515E0C4AC95014A3EAC39 /* Pods_TestTableUITests.framework */,
			);
			name = Frameworks;
			sourceTree = "<group>";
		};
/* End PBXGroup section */

/* Begin PBXNativeTarget section */
		001CE3B420F09063008B5EE9 /* TestTable */ = {
			isa = PBXNativeTarget;
			buildConfigurationList = 001CE3DD20F09066008B5EE9 /* Build configuration list for PBXNativeTarget "TestTable" */;
			buildPhases = (
				4350616320F8FB4FE65DB84E /* [CP] Check Pods Manifest.lock */,
				001CE3B120F09063008B5EE9 /* Sources */,
				001CE3B220F09063008B5EE9 /* Frameworks */,
				001CE3B320F09063008B5EE9 /* Resources */,
				9046C85DA666044CA1AAD928 /* [CP] Embed Pods Frameworks */,
			);
			buildRules = (
			);
			dependencies = (
			);
			name = TestTable;
			productName = TestTable;
			productReference = 001CE3B520F09063008B5EE9 /* TestTable.app */;
			productType = "com.apple.product-type.application";
		};
		001CE3C820F09066008B5EE9 /* TestTableTests */ = {
			isa = PBXNativeTarget;
			buildConfigurationList = 001CE3E020F09066008B5EE9 /* Build configuration list for PBXNativeTarget "TestTableTests" */;
			buildPhases = (
				3F13CAE3BF5A354C5B949AC2 /* [CP] Check Pods Manifest.lock */,
				001CE3C520F09066008B5EE9 /* Sources */,
				001CE3C620F09066008B5EE9 /* Frameworks */,
				001CE3C720F09066008B5EE9 /* Resources */,
			);
			buildRules = (
			);
			dependencies = (
				001CE3CB20F09066008B5EE9 /* PBXTargetDependency */,
			);
			name = TestTableTests;
			productName = TestTableTests;
			productReference = 001CE3C920F09066008B5EE9 /* TestTableTests.xctest */;
			productType = "com.apple.product-type.bundle.unit-test";
		};
		001CE3D320F09066008B5EE9 /* TestTableUITests */ = {
			isa = PBXNativeTarget;
			buildConfigurationList = 001CE3E320F09066008B5EE9 /* Build configuration list for PBXNativeTarget "TestTableUITests" */;
			buildPhases = (
				11E6E31FBCE79A02D22E7A81 /* [CP] Check Pods Manifest.lock */,
				001CE3D020F09066008B5EE9 /* Sources */,
				001CE3D120F09066008B5EE9 /* Frameworks */,
				001CE3D220F09066008B5EE9 /* Resources */,
			);
			buildRules = (
			);
			dependencies = (
				001CE3D620F09066008B5EE9 /* PBXTargetDependency */,
			);
			name = TestTableUITests;
			productName = TestTableUITests;
			productReference = 001CE3D420F09066008B5EE9 /* TestTableUITests.xctest */;
			productType = "com.apple.product-type.bundle.ui-testing";
		};
/* End PBXNativeTarget section */

/* Begin PBXProject section */
		001CE3AD20F09063008B5EE9 /* Project object */ = {
			isa = PBXProject;
			attributes = {
				LastSwiftUpdateCheck = 0940;
				LastUpgradeCheck = 0940;
				ORGANIZATIONNAME = "mohammad mahdi";
				TargetAttributes = {
					001CE3B420F09063008B5EE9 = {
						CreatedOnToolsVersion = 9.4;
					};
					001CE3C820F09066008B5EE9 = {
						CreatedOnToolsVersion = 9.4;
						TestTargetID = 001CE3B420F09063008B5EE9;
					};
					001CE3D320F09066008B5EE9 = {
						CreatedOnToolsVersion = 9.4;
						TestTargetID = 001CE3B420F09063008B5EE9;
					};
				};
			};
			buildConfigurationList = 001CE3B020F09063008B5EE9 /* Build configuration list for PBXProject "TestTable" */;
			compatibilityVersion = "Xcode 9.3";
			developmentRegion = en;
			hasScannedForEncodings = 0;
			knownRegions = (
				en,
				Base,
			);
			mainGroup = 001CE3AC20F09063008B5EE9;
			productRefGroup = 001CE3B620F09063008B5EE9 /* Products */;
			projectDirPath = "";
			projectRoot = "";
			targets = (
				001CE3B420F09063008B5EE9 /* TestTable */,
				001CE3C820F09066008B5EE9 /* TestTableTests */,
				001CE3D320F09066008B5EE9 /* TestTableUITests */,
			);
		};
/* End PBXProject section */

/* Begin PBXResourcesBuildPhase section */
		001CE3B320F09063008B5EE9 /* Resources */ = {
			isa = PBXResourcesBuildPhase;
			buildActionMask = 2147483647;
			files = (
				001CE3C320F09066008B5EE9 /* LaunchScreen.storyboard in Resources */,
				001CE3C020F09066008B5EE9 /* Assets.xcassets in Resources */,
				001CE3BE20F09063008B5EE9 /* Main.storyboard in Resources */,
			);
			runOnlyForDeploymentPostprocessing = 0;
		};
		001CE3C720F09066008B5EE9 /* Resources */ = {
			isa = PBXResourcesBuildPhase;
			buildActionMask = 2147483647;
			files = (
			);
			runOnlyForDeploymentPostprocessing = 0;
		};
		001CE3D220F09066008B5EE9 /* Resources */ = {
			isa = PBXResourcesBuildPhase;
			buildActionMask = 2147483647;
			files = (
			);
			runOnlyForDeploymentPostprocessing = 0;
		};
/* End PBXResourcesBuildPhase section */

/* Begin PBXShellScriptBuildPhase section */
		11E6E31FBCE79A02D22E7A81 /* [CP] Check Pods Manifest.lock */ = {
			isa = PBXShellScriptBuildPhase;
			buildActionMask = 2147483647;
			files = (
			);
			inputPaths = (
				"${PODS_PODFILE_DIR_PATH}/Podfile.lock",
				"${PODS_ROOT}/Manifest.lock",
			);
			name = "[CP] Check Pods Manifest.lock";
			outputPaths = (
				"$(DERIVED_FILE_DIR)/Pods-TestTableUITests-checkManifestLockResult.txt",
			);
			runOnlyForDeploymentPostprocessing = 0;
			shellPath = /bin/sh;
			shellScript = "diff \"${PODS_PODFILE_DIR_PATH}/Podfile.lock\" \"${PODS_ROOT}/Manifest.lock\" > /dev/null\nif [ $? != 0 ] ; then\n    # print error to STDERR\n    echo \"error: The sandbox is not in sync with the Podfile.lock. Run 'pod install' or update your CocoaPods installation.\" >&2\n    exit 1\nfi\n# This output is used by Xcode 'outputs' to avoid re-running this script phase.\necho \"SUCCESS\" > \"${SCRIPT_OUTPUT_FILE_0}\"\n";
			showEnvVarsInLog = 0;
		};
		3F13CAE3BF5A354C5B949AC2 /* [CP] Check Pods Manifest.lock */ = {
			isa = PBXShellScriptBuildPhase;
			buildActionMask = 2147483647;
			files = (
			);
			inputPaths = (
				"${PODS_PODFILE_DIR_PATH}/Podfile.lock",
				"${PODS_ROOT}/Manifest.lock",
			);
			name = "[CP] Check Pods Manifest.lock";
			outputPaths = (
				"$(DERIVED_FILE_DIR)/Pods-TestTableTests-checkManifestLockResult.txt",
			);
			runOnlyForDeploymentPostprocessing = 0;
			shellPath = /bin/sh;
			shellScript = "diff \"${PODS_PODFILE_DIR_PATH}/Podfile.lock\" \"${PODS_ROOT}/Manifest.lock\" > /dev/null\nif [ $? != 0 ] ; then\n    # print error to STDERR\n    echo \"error: The sandbox is not in sync with the Podfile.lock. Run 'pod install' or update your CocoaPods installation.\" >&2\n    exit 1\nfi\n# This output is used by Xcode 'outputs' to avoid re-running this script phase.\necho \"SUCCESS\" > \"${SCRIPT_OUTPUT_FILE_0}\"\n";
			showEnvVarsInLog = 0;
		};
		4350616320F8FB4FE65DB84E /* [CP] Check Pods Manifest.lock */ = {
			isa = PBXShellScriptBuildPhase;
			buildActionMask = 2147483647;
			files = (
			);
			inputPaths = (
				"${PODS_PODFILE_DIR_PATH}/Podfile.lock",
				"${PODS_ROOT}/Manifest.lock",
			);
			name = "[CP] Check Pods Manifest.lock";
			outputPaths = (
				"$(DERIVED_FILE_DIR)/Pods-TestTable-checkManifestLockResult.txt",
			);
			runOnlyForDeploymentPostprocessing = 0;
			shellPath = /bin/sh;
			shellScript = "diff \"${PODS_PODFILE_DIR_PATH}/Podfile.lock\" \"${PODS_ROOT}/Manifest.lock\" > /dev/null\nif [ $? != 0 ] ; then\n    # print error to STDERR\n    echo \"error: The sandbox is not in sync with the Podfile.lock. Run 'pod install' or update your CocoaPods installation.\" >&2\n    exit 1\nfi\n# This output is used by Xcode 'outputs' to avoid re-running this script phase.\necho \"SUCCESS\" > \"${SCRIPT_OUTPUT_FILE_0}\"\n";
			showEnvVarsInLog = 0;
		};
		9046C85DA666044CA1AAD928 /* [CP] Embed Pods Frameworks */ = {
			isa = PBXShellScriptBuildPhase;
			buildActionMask = 2147483647;
			files = (
			);
			inputPaths = (
				"${SRCROOT}/Pods/Target Support Files/Pods-TestTable/Pods-TestTable-frameworks.sh",
				"${BUILT_PRODUCTS_DIR}/Alamofire/Alamofire.framework",
				"${BUILT_PRODUCTS_DIR}/SwiftyJSON/SwiftyJSON.framework",
			);
			name = "[CP] Embed Pods Frameworks";
			outputPaths = (
				"${TARGET_BUILD_DIR}/${FRAMEWORKS_FOLDER_PATH}/Alamofire.framework",
				"${TARGET_BUILD_DIR}/${FRAMEWORKS_FOLDER_PATH}/SwiftyJSON.framework",
			);
			runOnlyForDeploymentPostprocessing = 0;
			shellPath = /bin/sh;
			shellScript = "\"${SRCROOT}/Pods/Target Support Files/Pods-TestTable/Pods-TestTable-frameworks.sh\"\n";
			showEnvVarsInLog = 0;
		};
/* End PBXShellScriptBuildPhase section */

/* Begin PBXSourcesBuildPhase section */
		001CE3B120F09063008B5EE9 /* Sources */ = {
			isa = PBXSourcesBuildPhase;
			buildActionMask = 2147483647;
			files = (
				001CE3E920F0917E008B5EE9 /* ApiManager.swift in Sources */,
				001CE3BB20F09063008B5EE9 /* ViewController.swift in Sources */,
				001CE3EB20F094FE008B5EE9 /* List.swift in Sources */,
				001CE3ED20F0A0B4008B5EE9 /* TableViewController.swift in Sources */,
				001CE3B920F09063008B5EE9 /* AppDelegate.swift in Sources */,
			);
			runOnlyForDeploymentPostprocessing = 0;
		};
		001CE3C520F09066008B5EE9 /* Sources */ = {
			isa = PBXSourcesBuildPhase;
			buildActionMask = 2147483647;
			files = (
				001CE3CE20F09066008B5EE9 /* TestTableTests.swift in Sources */,
			);
			runOnlyForDeploymentPostprocessing = 0;
		};
		001CE3D020F09066008B5EE9 /* Sources */ = {
			isa = PBXSourcesBuildPhase;
			buildActionMask = 2147483647;
			files = (
				001CE3D920F09066008B5EE9 /* TestTableUITests.swift in Sources */,
			);
			runOnlyForDeploymentPostprocessing = 0;
		};
/* End PBXSourcesBuildPhase section */

/* Begin PBXTargetDependency section */
		001CE3CB20F09066008B5EE9 /* PBXTargetDependency */ = {
			isa = PBXTargetDependency;
			target = 001CE3B420F09063008B5EE9 /* TestTable */;
			targetProxy = 001CE3CA20F09066008B5EE9 /* PBXContainerItemProxy */;
		};
		001CE3D620F09066008B5EE9 /* PBXTargetDependency */ = {
			isa = PBXTargetDependency;
			target = 001CE3B420F09063008B5EE9 /* TestTable */;
			targetProxy = 001CE3D520F09066008B5EE9 /* PBXContainerItemProxy */;
		};
/* End PBXTargetDependency section */

/* Begin PBXVariantGroup section */
		001CE3BC20F09063008B5EE9 /* Main.storyboard */ = {
			isa = PBXVariantGroup;
			children = (
				001CE3BD20F09063008B5EE9 /* Base */,
			);
			name = Main.storyboard;
			sourceTree = "<group>";
		};
		001CE3C120F09066008B5EE9 /* LaunchScreen.storyboard */ = {
			isa = PBXVariantGroup;
			children = (
				001CE3C220F09066008B5EE9 /* Base */,
			);
			name = LaunchScreen.storyboard;
			sourceTree = "<group>";
		};
/* End PBXVariantGroup section */

/* Begin XCBuildConfiguration section */
		001CE3DB20F09066008B5EE9 /* Debug */ = {
			isa = XCBuildConfiguration;
			buildSettings = {
				ALWAYS_SEARCH_USER_PATHS = NO;
				CLANG_ANALYZER_NONNULL = YES;
				CLANG_ANALYZER_NUMBER_OBJECT_CONVERSION = YES_AGGRESSIVE;
				CLANG_CXX_LANGUAGE_STANDARD = "gnu++14";
				CLANG_CXX_LIBRARY = "libc++";
				CLANG_ENABLE_MODULES = YES;
				CLANG_ENABLE_OBJC_ARC = YES;
				CLANG_ENABLE_OBJC_WEAK = YES;
				CLANG_WARN_BLOCK_CAPTURE_AUTORELEASING = YES;
				CLANG_WARN_BOOL_CONVERSION = YES;
				CLANG_WARN_COMMA = YES;
				CLANG_WARN_CONSTANT_CONVERSION = YES;
				CLANG_WARN_DEPRECATED_OBJC_IMPLEMENTATIONS = YES;
				CLANG_WARN_DIRECT_OBJC_ISA_USAGE = YES_ERROR;
				CLANG_WARN_DOCUMENTATION_COMMENTS = YES;
				CLANG_WARN_EMPTY_BODY = YES;
				CLANG_WARN_ENUM_CONVERSION = YES;
				CLANG_WARN_INFINITE_RECURSION = YES;
				CLANG_WARN_INT_CONVERSION = YES;
				CLANG_WARN_NON_LITERAL_NULL_CONVERSION = YES;
				CLANG_WARN_OBJC_IMPLICIT_RETAIN_SELF = YES;
				CLANG_WARN_OBJC_LITERAL_CONVERSION = YES;
				CLANG_WARN_OBJC_ROOT_CLASS = YES_ERROR;
				CLANG_WARN_RANGE_LOOP_ANALYSIS = YES;
				CLANG_WARN_STRICT_PROTOTYPES = YES;
				CLANG_WARN_SUSPICIOUS_MOVE = YES;
				CLANG_WARN_UNGUARDED_AVAILABILITY = YES_AGGRESSIVE;
				CLANG_WARN_UNREACHABLE_CODE = YES;
				CLANG_WARN__DUPLICATE_METHOD_MATCH = YES;
				CODE_SIGN_IDENTITY = "iPhone Developer";
				COPY_PHASE_STRIP = NO;
				DEBUG_INFORMATION_FORMAT = dwarf;
				ENABLE_STRICT_OBJC_MSGSEND = YES;
				ENABLE_TESTABILITY = YES;
				GCC_C_LANGUAGE_STANDARD = gnu11;
				GCC_DYNAMIC_NO_PIC = NO;
				GCC_NO_COMMON_BLOCKS = YES;
				GCC_OPTIMIZATION_LEVEL = 0;
				GCC_PREPROCESSOR_DEFINITIONS = (
					"DEBUG=1",
					"$(inherited)",
				);
				GCC_WARN_64_TO_32_BIT_CONVERSION = YES;
				GCC_WARN_ABOUT_RETURN_TYPE = YES_ERROR;
				GCC_WARN_UNDECLARED_SELECTOR = YES;
				GCC_WARN_UNINITIALIZED_AUTOS = YES_AGGRESSIVE;
				GCC_WARN_UNUSED_FUNCTION = YES;
				GCC_WARN_UNUSED_VARIABLE = YES;
				IPHONEOS_DEPLOYMENT_TARGET = 11.4;
				MTL_ENABLE_DEBUG_INFO = YES;
				ONLY_ACTIVE_ARCH = YES;
				SDKROOT = iphoneos;
				SWIFT_ACTIVE_COMPILATION_CONDITIONS = DEBUG;
				SWIFT_OPTIMIZATION_LEVEL = "-Onone";
			};
			name = Debug;
		};
		001CE3DC20F09066008B5EE9 /* Release */ = {
			isa = XCBuildConfiguration;
			buildSettings = {
				ALWAYS_SEARCH_USER_PATHS = NO;
				CLANG_ANALYZER_NONNULL = YES;
				CLANG_ANALYZER_NUMBER_OBJECT_CONVERSION = YES_AGGRESSIVE;
				CLANG_CXX_LANGUAGE_STANDARD = "gnu++14";
				CLANG_CXX_LIBRARY = "libc++";
				CLANG_ENABLE_MODULES = YES;
				CLANG_ENABLE_OBJC_ARC = YES;
				CLANG_ENABLE_OBJC_WEAK = YES;
				CLANG_WARN_BLOCK_CAPTURE_AUTORELEASING = YES;
				CLANG_WARN_BOOL_CONVERSION = YES;
				CLANG_WARN_COMMA = YES;
				CLANG_WARN_CONSTANT_CONVERSION = YES;
				CLANG_WARN_DEPRECATED_OBJC_IMPLEMENTATIONS = YES;
				CLANG_WARN_DIRECT_OBJC_ISA_USAGE = YES_ERROR;
				CLANG_WARN_DOCUMENTATION_COMMENTS = YES;
				CLANG_WARN_EMPTY_BODY = YES;
				CLANG_WARN_ENUM_CONVERSION = YES;
				CLANG_WARN_INFINITE_RECURSION = YES;
				CLANG_WARN_INT_CONVERSION = YES;
				CLANG_WARN_NON_LITERAL_NULL_CONVERSION = YES;
				CLANG_WARN_OBJC_IMPLICIT_RETAIN_SELF = YES;
				CLANG_WARN_OBJC_LITERAL_CONVERSION = YES;
				CLANG_WARN_OBJC_ROOT_CLASS = YES_ERROR;
				CLANG_WARN_RANGE_LOOP_ANALYSIS = YES;
				CLANG_WARN_STRICT_PROTOTYPES = YES;
				CLANG_WARN_SUSPICIOUS_MOVE = YES;
				CLANG_WARN_UNGUARDED_AVAILABILITY = YES_AGGRESSIVE;
				CLANG_WARN_UNREACHABLE_CODE = YES;
				CLANG_WARN__DUPLICATE_METHOD_MATCH = YES;
				CODE_SIGN_IDENTITY = "iPhone Developer";
				COPY_PHASE_STRIP = NO;
				DEBUG_INFORMATION_FORMAT = "dwarf-with-dsym";
				ENABLE_NS_ASSERTIONS = NO;
				ENABLE_STRICT_OBJC_MSGSEND = YES;
				GCC_C_LANGUAGE_STANDARD = gnu11;
				GCC_NO_COMMON_BLOCKS = YES;
				GCC_WARN_64_TO_32_BIT_CONVERSION = YES;
				GCC_WARN_ABOUT_RETURN_TYPE = YES_ERROR;
				GCC_WARN_UNDECLARED_SELECTOR = YES;
				GCC_WARN_UNINITIALIZED_AUTOS = YES_AGGRESSIVE;
				GCC_WARN_UNUSED_FUNCTION = YES;
				GCC_WARN_UNUSED_VARIABLE = YES;
				IPHONEOS_DEPLOYMENT_TARGET = 11.4;
				MTL_ENABLE_DEBUG_INFO = NO;
				SDKROOT = iphoneos;
				SWIFT_COMPILATION_MODE = wholemodule;
				SWIFT_OPTIMIZATION_LEVEL = "-O";
				VALIDATE_PRODUCT = YES;
			};
			name = Release;
		};
		001CE3DE20F09066008B5EE9 /* Debug */ = {
			isa = XCBuildConfiguration;
			baseConfigurationReference = 3367F9CDD51F16D102644D4E /* Pods-TestTable.debug.xcconfig */;
			buildSettings = {
				ASSETCATALOG_COMPILER_APPICON_NAME = AppIcon;
				CODE_SIGN_STYLE = Automatic;
				DEVELOPMENT_TEAM = K395YPBVSW;
				INFOPLIST_FILE = TestTable/Info.plist;
				LD_RUNPATH_SEARCH_PATHS = (
					"$(inherited)",
					"@executable_path/Frameworks",
				);
				PRODUCT_BUNDLE_IDENTIFIER = app.makeen.ir.TestTable;
				PRODUCT_NAME = "$(TARGET_NAME)";
				SWIFT_VERSION = 4.0;
				TARGETED_DEVICE_FAMILY = "1,2";
			};
			name = Debug;
		};
		001CE3DF20F09066008B5EE9 /* Release */ = {
			isa = XCBuildConfiguration;
			baseConfigurationReference = D8E1D6D67F33D405EDA5B193 /* Pods-TestTable.release.xcconfig */;
			buildSettings = {
				ASSETCATALOG_COMPILER_APPICON_NAME = AppIcon;
				CODE_SIGN_STYLE = Automatic;
				DEVELOPMENT_TEAM = K395YPBVSW;
				INFOPLIST_FILE = TestTable/Info.plist;
				LD_RUNPATH_SEARCH_PATHS = (
					"$(inherited)",
					"@executable_path/Frameworks",
				);
				PRODUCT_BUNDLE_IDENTIFIER = app.makeen.ir.TestTable;
				PRODUCT_NAME = "$(TARGET_NAME)";
				SWIFT_VERSION = 4.0;
				TARGETED_DEVICE_FAMILY = "1,2";
			};
			name = Release;
		};
		001CE3E120F09066008B5EE9 /* Debug */ = {
			isa = XCBuildConfiguration;
			baseConfigurationReference = 0BFBDC2D211AC42659FE7B7A /* Pods-TestTableTests.debug.xcconfig */;
			buildSettings = {
				ALWAYS_EMBED_SWIFT_STANDARD_LIBRARIES = YES;
				BUNDLE_LOADER = "$(TEST_HOST)";
				CODE_SIGN_STYLE = Automatic;
				DEVELOPMENT_TEAM = K395YPBVSW;
				INFOPLIST_FILE = TestTableTests/Info.plist;
				LD_RUNPATH_SEARCH_PATHS = (
					"$(inherited)",
					"@executable_path/Frameworks",
					"@loader_path/Frameworks",
				);
				PRODUCT_BUNDLE_IDENTIFIER = app.makeen.ir.TestTableTests;
				PRODUCT_NAME = "$(TARGET_NAME)";
				SWIFT_VERSION = 4.0;
				TARGETED_DEVICE_FAMILY = "1,2";
				TEST_HOST = "$(BUILT_PRODUCTS_DIR)/TestTable.app/TestTable";
			};
			name = Debug;
		};
		001CE3E220F09066008B5EE9 /* Release */ = {
			isa = XCBuildConfiguration;
			baseConfigurationReference = F21DBC818511169184755F0D /* Pods-TestTableTests.release.xcconfig */;
			buildSettings = {
				ALWAYS_EMBED_SWIFT_STANDARD_LIBRARIES = YES;
				BUNDLE_LOADER = "$(TEST_HOST)";
				CODE_SIGN_STYLE = Automatic;
				DEVELOPMENT_TEAM = K395YPBVSW;
				INFOPLIST_FILE = TestTableTests/Info.plist;
				LD_RUNPATH_SEARCH_PATHS = (
					"$(inherited)",
					"@executable_path/Frameworks",
					"@loader_path/Frameworks",
				);
				PRODUCT_BUNDLE_IDENTIFIER = app.makeen.ir.TestTableTests;
				PRODUCT_NAME = "$(TARGET_NAME)";
				SWIFT_VERSION = 4.0;
				TARGETED_DEVICE_FAMILY = "1,2";
				TEST_HOST = "$(BUILT_PRODUCTS_DIR)/TestTable.app/TestTable";
			};
			name = Release;
		};
		001CE3E420F09066008B5EE9 /* Debug */ = {
			isa = XCBuildConfiguration;
			baseConfigurationReference = 662C99405E03C03952B7E86B /* Pods-TestTableUITests.debug.xcconfig */;
			buildSettings = {
				ALWAYS_EMBED_SWIFT_STANDARD_LIBRARIES = YES;
				CODE_SIGN_STYLE = Automatic;
				DEVELOPMENT_TEAM = K395YPBVSW;
				INFOPLIST_FILE = TestTableUITests/Info.plist;
				LD_RUNPATH_SEARCH_PATHS = (
					"$(inherited)",
					"@executable_path/Frameworks",
					"@loader_path/Frameworks",
				);
				PRODUCT_BUNDLE_IDENTIFIER = app.makeen.ir.TestTableUITests;
				PRODUCT_NAME = "$(TARGET_NAME)";
				SWIFT_VERSION = 4.0;
				TARGETED_DEVICE_FAMILY = "1,2";
				TEST_TARGET_NAME = TestTable;
			};
			name = Debug;
		};
		001CE3E520F09066008B5EE9 /* Release */ = {
			isa = XCBuildConfiguration;
			baseConfigurationReference = E8A7958E30586CFCF00F4463 /* Pods-TestTableUITests.release.xcconfig */;
			buildSettings = {
				ALWAYS_EMBED_SWIFT_STANDARD_LIBRARIES = YES;
				CODE_SIGN_STYLE = Automatic;
				DEVELOPMENT_TEAM = K395YPBVSW;
				INFOPLIST_FILE = TestTableUITests/Info.plist;
				LD_RUNPATH_SEARCH_PATHS = (
					"$(inherited)",
					"@executable_path/Frameworks",
					"@loader_path/Frameworks",
				);
				PRODUCT_BUNDLE_IDENTIFIER = app.makeen.ir.TestTableUITests;
				PRODUCT_NAME = "$(TARGET_NAME)";
				SWIFT_VERSION = 4.0;
				TARGETED_DEVICE_FAMILY = "1,2";
				TEST_TARGET_NAME = TestTable;
			};
			name = Release;
		};
/* End XCBuildConfiguration section */

/* Begin XCConfigurationList section */
		001CE3B020F09063008B5EE9 /* Build configuration list for PBXProject "TestTable" */ = {
			isa = XCConfigurationList;
			buildConfigurations = (
				001CE3DB20F09066008B5EE9 /* Debug */,
				001CE3DC20F09066008B5EE9 /* Release */,
			);
			defaultConfigurationIsVisible = 0;
			defaultConfigurationName = Release;
		};
		001CE3DD20F09066008B5EE9 /* Build configuration list for PBXNativeTarget "TestTable" */ = {
			isa = XCConfigurationList;
			buildConfigurations = (
				001CE3DE20F09066008B5EE9 /* Debug */,
				001CE3DF20F09066008B5EE9 /* Release */,
			);
			defaultConfigurationIsVisible = 0;
			defaultConfigurationName = Release;
		};
		001CE3E020F09066008B5EE9 /* Build configuration list for PBXNativeTarget "TestTableTests" */ = {
			isa = XCConfigurationList;
			buildConfigurations = (
				001CE3E120F09066008B5EE9 /* Debug */,
				001CE3E220F09066008B5EE9 /* Release */,
			);
			defaultConfigurationIsVisible = 0;
			defaultConfigurationName = Release;
		};
		001CE3E320F09066008B5EE9 /* Build configuration list for PBXNativeTarget "TestTableUITests" */ = {
			isa = XCConfigurationList;
			buildConfigurations = (
				001CE3E420F09066008B5EE9 /* Debug */,
				001CE3E520F09066008B5EE9 /* Release */,
			);
			defaultConfigurationIsVisible = 0;
			defaultConfigurationName = Release;
		};
/* End XCConfigurationList section */
	};
	rootObject = 001CE3AD20F09063008B5EE9 /* Project object */;
}
